{
  "name": "pv-journey-demo",
  "version": "0.0.1",
  "lockfileVersion": 1,
  "requires": true,
  "dependencies": {
    "@sentinels/pv-components-lib": {
      "version": "0.0.1",
      "resolved": "https://registry.npmjs.org/@sentinels/pv-components-lib/-/pv-components-lib-0.0.1.tgz",
      "integrity": "sha512-Hqo4KY8t+yLN2HAhEqbcErpQtlQTxvsTudXj5sTzjx/6nzrjGIYy+Pcn8OLnFgp2bDseSVW8J9ZmnIKDHsfLPg==",
      "requires": {
        "tslib": "^2.3.0"
      }
    },
    "tslib": {
      "version": "2.5.0",
      "resolved": "https://registry.npmjs.org/tslib/-/tslib-2.5.0.tgz",
      "integrity": "sha512-336iVw3rtn2BUK7ORdIAHTyxHGRIHVReokCR3XjbckJMK7ms8FysBfhLR8IXnAgy7T0PTPNBWKiH514FOW/WSg=="
    }
  }
}
